
Microsoft Visual Studio Solution File, Format Version 12.00
# Visual Studio 15
VisualStudioVersion = 15.0.28307.960
MinimumVisualStudioVersion = 10.0.40219.1
Project("{FAE04EC0-301F-11D3-BF4B-00C04F79EFBC}") = "Admin", "Admin\Admin.csproj", "{3F4DD094-B7A2-4E0F-9A97-5FF6600908F2}"
EndProject
Global
	GlobalSection(SolutionConfigurationPlatforms) = preSolution
		Debug|Any CPU = Debug|Any CPU
		Release|Any CPU = Release|Any CPU
	EndGlobalSection
	GlobalSection(ProjectConfigurationPlatforms) = postSolution
		{3F4DD094-B7A2-4E0F-9A97-5FF6600908F2}.Debug|Any CPU.ActiveCfg = Debug|Any CPU
		{3F4DD094-B7A2-4E0F-9A97-5FF6600908F2}.Debug|Any CPU.Build.0 = Debug|Any CPU
		{3F4DD094-B7A2-4E0F-9A97-5FF6600908F2}.Release|Any CPU.ActiveCfg = Release|Any CPU
		{3F4DD094-B7A2-4E0F-9A97-5FF6600908F2}.Release|Any CPU.Build.0 = Release|Any CPU
	EndGlobalSection
	GlobalSection(SolutionProperties) = preSolution
		HideSolutionNode = FALSE
	EndGlobalSection
	GlobalSection(ExtensibilityGlobals) = postSolution
		SolutionGuid = {14025BA6-34AA-4513-91EB-1ED18CFF9F1B}
	EndGlobalSection
EndGlobal
