
Microsoft Visual Studio Solution File, Format Version 12.00
# Visual Studio 15
VisualStudioVersion = 15.0.28307.960
MinimumVisualStudioVersion = 10.0.40219.1
Project("{FAE04EC0-301F-11D3-BF4B-00C04F79EFBC}") = "Mentor", "Mentor\Mentor.csproj", "{83FE576D-1F9F-4E60-8F68-168FE951E531}"
EndProject
Global
	GlobalSection(SolutionConfigurationPlatforms) = preSolution
		Debug|Any CPU = Debug|Any CPU
		Release|Any CPU = Release|Any CPU
	EndGlobalSection
	GlobalSection(ProjectConfigurationPlatforms) = postSolution
		{83FE576D-1F9F-4E60-8F68-168FE951E531}.Debug|Any CPU.ActiveCfg = Debug|Any CPU
		{83FE576D-1F9F-4E60-8F68-168FE951E531}.Debug|Any CPU.Build.0 = Debug|Any CPU
		{83FE576D-1F9F-4E60-8F68-168FE951E531}.Release|Any CPU.ActiveCfg = Release|Any CPU
		{83FE576D-1F9F-4E60-8F68-168FE951E531}.Release|Any CPU.Build.0 = Release|Any CPU
	EndGlobalSection
	GlobalSection(SolutionProperties) = preSolution
		HideSolutionNode = FALSE
	EndGlobalSection
	GlobalSection(ExtensibilityGlobals) = postSolution
		SolutionGuid = {752142D4-3E99-492C-8035-F65719CD0300}
	EndGlobalSection
EndGlobal
